
Microsoft Visual Studio Solution File, Format Version 12.00
# Visual Studio Version 17
VisualStudioVersion = 17.11.35327.3
MinimumVisualStudioVersion = 10.0.40219.1
Project("{FAE04EC0-301F-11D3-BF4B-00C04F79EFBC}") = "SamaritanAPI", "SamaritanAPI\SamaritanAPI.csproj", "{D54B565A-33F1-4D9E-98C8-3F0FF0F1655A}"
EndProject
Global
	GlobalSection(SolutionConfigurationPlatforms) = preSolution
		Debug|Any CPU = Debug|Any CPU
		Release|Any CPU = Release|Any CPU
	EndGlobalSection
	GlobalSection(ProjectConfigurationPlatforms) = postSolution
		{D54B565A-33F1-4D9E-98C8-3F0FF0F1655A}.Debug|Any CPU.ActiveCfg = Debug|Any CPU
		{D54B565A-33F1-4D9E-98C8-3F0FF0F1655A}.Debug|Any CPU.Build.0 = Debug|Any CPU
		{D54B565A-33F1-4D9E-98C8-3F0FF0F1655A}.Release|Any CPU.ActiveCfg = Release|Any CPU
		{D54B565A-33F1-4D9E-98C8-3F0FF0F1655A}.Release|Any CPU.Build.0 = Release|Any CPU
	EndGlobalSection
	GlobalSection(SolutionProperties) = preSolution
		HideSolutionNode = FALSE
	EndGlobalSection
	GlobalSection(ExtensibilityGlobals) = postSolution
		SolutionGuid = {3ABF2BDB-60DB-4F95-A565-EBFCBA525668}
	EndGlobalSection
EndGlobal
